
Microsoft Visual Studio Solution File, Format Version 12.00
# Visual Studio Version 17
VisualStudioVersion = 17.0.31903.59
MinimumVisualStudioVersion = 10.0.40219.1
Project("{FAE04EC0-301F-11D3-BF4B-00C04F79EFBC}") = "ms-identity", "ms-identity\ms-identity.csproj", "{33A0AA6B-FA14-47CD-AF33-631B86B8FDBB}"
EndProject
Project("{FAE04EC0-301F-11D3-BF4B-00C04F79EFBC}") = "domain_1", "domain_1\domain_1.csproj", "{67F86574-E7BA-4A0E-B254-0C3BA43244B5}"
EndProject
Project("{FAE04EC0-301F-11D3-BF4B-00C04F79EFBC}") = "domain_2", "domain_2\domain_2.csproj", "{9F4F87C7-79F3-4DB2-874A-E5A2B2F59BD8}"
EndProject
Global
	GlobalSection(SolutionConfigurationPlatforms) = preSolution
		Debug|Any CPU = Debug|Any CPU
		Debug|x64 = Debug|x64
		Debug|x86 = Debug|x86
		Release|Any CPU = Release|Any CPU
		Release|x64 = Release|x64
		Release|x86 = Release|x86
	EndGlobalSection
	GlobalSection(ProjectConfigurationPlatforms) = postSolution
		{33A0AA6B-FA14-47CD-AF33-631B86B8FDBB}.Debug|Any CPU.ActiveCfg = Debug|Any CPU
		{33A0AA6B-FA14-47CD-AF33-631B86B8FDBB}.Debug|Any CPU.Build.0 = Debug|Any CPU
		{33A0AA6B-FA14-47CD-AF33-631B86B8FDBB}.Debug|x64.ActiveCfg = Debug|Any CPU
		{33A0AA6B-FA14-47CD-AF33-631B86B8FDBB}.Debug|x64.Build.0 = Debug|Any CPU
		{33A0AA6B-FA14-47CD-AF33-631B86B8FDBB}.Debug|x86.ActiveCfg = Debug|Any CPU
		{33A0AA6B-FA14-47CD-AF33-631B86B8FDBB}.Debug|x86.Build.0 = Debug|Any CPU
		{33A0AA6B-FA14-47CD-AF33-631B86B8FDBB}.Release|Any CPU.ActiveCfg = Release|Any CPU
		{33A0AA6B-FA14-47CD-AF33-631B86B8FDBB}.Release|Any CPU.Build.0 = Release|Any CPU
		{33A0AA6B-FA14-47CD-AF33-631B86B8FDBB}.Release|x64.ActiveCfg = Release|Any CPU
		{33A0AA6B-FA14-47CD-AF33-631B86B8FDBB}.Release|x64.Build.0 = Release|Any CPU
		{33A0AA6B-FA14-47CD-AF33-631B86B8FDBB}.Release|x86.ActiveCfg = Release|Any CPU
		{33A0AA6B-FA14-47CD-AF33-631B86B8FDBB}.Release|x86.Build.0 = Release|Any CPU
		{67F86574-E7BA-4A0E-B254-0C3BA43244B5}.Debug|Any CPU.ActiveCfg = Debug|Any CPU
		{67F86574-E7BA-4A0E-B254-0C3BA43244B5}.Debug|Any CPU.Build.0 = Debug|Any CPU
		{67F86574-E7BA-4A0E-B254-0C3BA43244B5}.Debug|x64.ActiveCfg = Debug|Any CPU
		{67F86574-E7BA-4A0E-B254-0C3BA43244B5}.Debug|x64.Build.0 = Debug|Any CPU
		{67F86574-E7BA-4A0E-B254-0C3BA43244B5}.Debug|x86.ActiveCfg = Debug|Any CPU
		{67F86574-E7BA-4A0E-B254-0C3BA43244B5}.Debug|x86.Build.0 = Debug|Any CPU
		{67F86574-E7BA-4A0E-B254-0C3BA43244B5}.Release|Any CPU.ActiveCfg = Release|Any CPU
		{67F86574-E7BA-4A0E-B254-0C3BA43244B5}.Release|Any CPU.Build.0 = Release|Any CPU
		{67F86574-E7BA-4A0E-B254-0C3BA43244B5}.Release|x64.ActiveCfg = Release|Any CPU
		{67F86574-E7BA-4A0E-B254-0C3BA43244B5}.Release|x64.Build.0 = Release|Any CPU
		{67F86574-E7BA-4A0E-B254-0C3BA43244B5}.Release|x86.ActiveCfg = Release|Any CPU
		{67F86574-E7BA-4A0E-B254-0C3BA43244B5}.Release|x86.Build.0 = Release|Any CPU
		{9F4F87C7-79F3-4DB2-874A-E5A2B2F59BD8}.Debug|Any CPU.ActiveCfg = Debug|Any CPU
		{9F4F87C7-79F3-4DB2-874A-E5A2B2F59BD8}.Debug|Any CPU.Build.0 = Debug|Any CPU
		{9F4F87C7-79F3-4DB2-874A-E5A2B2F59BD8}.Debug|x64.ActiveCfg = Debug|Any CPU
		{9F4F87C7-79F3-4DB2-874A-E5A2B2F59BD8}.Debug|x64.Build.0 = Debug|Any CPU
		{9F4F87C7-79F3-4DB2-874A-E5A2B2F59BD8}.Debug|x86.ActiveCfg = Debug|Any CPU
		{9F4F87C7-79F3-4DB2-874A-E5A2B2F59BD8}.Debug|x86.Build.0 = Debug|Any CPU
		{9F4F87C7-79F3-4DB2-874A-E5A2B2F59BD8}.Release|Any CPU.ActiveCfg = Release|Any CPU
		{9F4F87C7-79F3-4DB2-874A-E5A2B2F59BD8}.Release|Any CPU.Build.0 = Release|Any CPU
		{9F4F87C7-79F3-4DB2-874A-E5A2B2F59BD8}.Release|x64.ActiveCfg = Release|Any CPU
		{9F4F87C7-79F3-4DB2-874A-E5A2B2F59BD8}.Release|x64.Build.0 = Release|Any CPU
		{9F4F87C7-79F3-4DB2-874A-E5A2B2F59BD8}.Release|x86.ActiveCfg = Release|Any CPU
		{9F4F87C7-79F3-4DB2-874A-E5A2B2F59BD8}.Release|x86.Build.0 = Release|Any CPU
	EndGlobalSection
	GlobalSection(SolutionProperties) = preSolution
		HideSolutionNode = FALSE
	EndGlobalSection
EndGlobal
